
Microsoft Visual Studio Solution File, Format Version 12.00
# Visual Studio Version 17
VisualStudioVersion = 17.4.33122.133
MinimumVisualStudioVersion = 10.0.40219.1
Project("{FAE04EC0-301F-11D3-BF4B-00C04F79EFBC}") = "SafeVault", "SafeVault\SafeVault.csproj", "{16072D0A-6B33-4B61-BE2F-DCC48AEFF9F0}"
EndProject
Project("{FAE04EC0-301F-11D3-BF4B-00C04F79EFBC}") = "SafeVault.Tests", "SafeVault.Tests\SafeVault.Tests.csproj", "{5CDDCF4C-A99B-44E6-A5BC-F3DDBA3531B6}"
EndProject
Global
	GlobalSection(SolutionConfigurationPlatforms) = preSolution
		Debug|Any CPU = Debug|Any CPU
		Release|Any CPU = Release|Any CPU
	EndGlobalSection
	GlobalSection(ProjectConfigurationPlatforms) = postSolution
		{16072D0A-6B33-4B61-BE2F-DCC48AEFF9F0}.Debug|Any CPU.ActiveCfg = Debug|Any CPU
		{16072D0A-6B33-4B61-BE2F-DCC48AEFF9F0}.Debug|Any CPU.Build.0 = Debug|Any CPU
		{16072D0A-6B33-4B61-BE2F-DCC48AEFF9F0}.Release|Any CPU.ActiveCfg = Release|Any CPU
		{16072D0A-6B33-4B61-BE2F-DCC48AEFF9F0}.Release|Any CPU.Build.0 = Release|Any CPU
		{5CDDCF4C-A99B-44E6-A5BC-F3DDBA3531B6}.Debug|Any CPU.ActiveCfg = Debug|Any CPU
		{5CDDCF4C-A99B-44E6-A5BC-F3DDBA3531B6}.Debug|Any CPU.Build.0 = Debug|Any CPU
		{5CDDCF4C-A99B-44E6-A5BC-F3DDBA3531B6}.Release|Any CPU.ActiveCfg = Release|Any CPU
		{5CDDCF4C-A99B-44E6-A5BC-F3DDBA3531B6}.Release|Any CPU.Build.0 = Release|Any CPU
	EndGlobalSection
	GlobalSection(SolutionProperties) = preSolution
		HideSolutionNode = FALSE
	EndGlobalSection
	GlobalSection(ExtensibilityGlobals) = postSolution
		SolutionGuid = {F93EA2CD-B6FC-4A2C-B472-9D237F6FF793}
	EndGlobalSection
EndGlobal
